
Microsoft Visual Studio Solution File, Format Version 12.00
# Visual Studio Version 17
VisualStudioVersion = 17.14.36310.24
MinimumVisualStudioVersion = 10.0.40219.1
Project("{2150E333-8FDC-42A3-9474-1A3956D46DE8}") = "src", "src", "{02EA681E-C7D8-13C7-8484-4AC65E1B71E8}"
EndProject
Project("{FAE04EC0-301F-11D3-BF4B-00C04F79EFBC}") = "OOP.Lists.Exercise01", "src\OOP.Lists.Exercise01\OOP.Lists.Exercise01.csproj", "{950E4B98-0F32-4FB4-9FC0-21632CD8532B}"
EndProject
Project("{FAE04EC0-301F-11D3-BF4B-00C04F79EFBC}") = "OOP.Lists.Exercise02", "src\OOP.Lists.Exercise02\OOP.Lists.Exercise02.csproj", "{C2C86E8E-7DD9-49E5-A202-0C1759DD7F43}"
EndProject
Project("{FAE04EC0-301F-11D3-BF4B-00C04F79EFBC}") = "OOP.Lists.Exercise03", "src\OOP.Lists.Exercise03\OOP.Lists.Exercise03.csproj", "{CEEB9578-2F32-4796-B0A8-C3FA23A56460}"
EndProject
Project("{FAE04EC0-301F-11D3-BF4B-00C04F79EFBC}") = "OOP.Lists.Exercise04", "src\OOP.Lists.Exercise04\OOP.Lists.Exercise04.csproj", "{984EFAE6-E055-4079-820F-977FA125CED7}"
EndProject
Project("{FAE04EC0-301F-11D3-BF4B-00C04F79EFBC}") = "OOP.Lists.Exercise05", "src\OOP.Lists.Exercise05\OOP.Lists.Exercise05.csproj", "{C9CBD466-2B7A-42DE-BACE-2DA54EA9CE25}"
EndProject
Project("{FAE04EC0-301F-11D3-BF4B-00C04F79EFBC}") = "OOP.Lists.Exercise06", "src\OOP.Lists.Exercise06\OOP.Lists.Exercise06.csproj", "{10580796-4B83-43FB-BE60-E0C47E463121}"
EndProject
Project("{FAE04EC0-301F-11D3-BF4B-00C04F79EFBC}") = "OOP.Lists.Exercise07", "src\OOP.Lists.Exercise07\OOP.Lists.Exercise07.csproj", "{A709F696-936B-4603-861A-5E3EBF00715A}"
EndProject
Project("{FAE04EC0-301F-11D3-BF4B-00C04F79EFBC}") = "OOP.Lists.Exercise08", "src\OOP.Lists.Exercise08\OOP.Lists.Exercise08.csproj", "{46465EBA-E262-49FA-9C58-89928E1F2B54}"
EndProject
Project("{FAE04EC0-301F-11D3-BF4B-00C04F79EFBC}") = "OOP.Lists.Exercise09", "src\OOP.Lists.Exercise09\OOP.Lists.Exercise09.csproj", "{70F5B9AE-8DB6-4972-A9C8-C86DBCEF40AE}"
EndProject
Project("{FAE04EC0-301F-11D3-BF4B-00C04F79EFBC}") = "OOP.Lists.Exercise10", "src\OOP.Lists.Exercise10\OOP.Lists.Exercise10.csproj", "{647F3BEE-CC2F-4A4D-9561-91FE9A600A81}"
EndProject
Project("{FAE04EC0-301F-11D3-BF4B-00C04F79EFBC}") = "OOP.Lists.Exercise11", "src\OOP.Lists.Exercise11\OOP.Lists.Exercise11.csproj", "{49698408-7DA7-41CF-B6A3-D55C42B81B4B}"
EndProject
Project("{FAE04EC0-301F-11D3-BF4B-00C04F79EFBC}") = "OOP.Lists.Exercise12", "src\OOP.Lists.Exercise12\OOP.Lists.Exercise12.csproj", "{8EFEA7A9-A6EC-4AFA-8D4D-B522A388EBE0}"
EndProject
Global
	GlobalSection(SolutionConfigurationPlatforms) = preSolution
		Debug|Any CPU = Debug|Any CPU
		Release|Any CPU = Release|Any CPU
	EndGlobalSection
	GlobalSection(ProjectConfigurationPlatforms) = postSolution
		{950E4B98-0F32-4FB4-9FC0-21632CD8532B}.Debug|Any CPU.ActiveCfg = Debug|Any CPU
		{950E4B98-0F32-4FB4-9FC0-21632CD8532B}.Debug|Any CPU.Build.0 = Debug|Any CPU
		{950E4B98-0F32-4FB4-9FC0-21632CD8532B}.Release|Any CPU.ActiveCfg = Release|Any CPU
		{950E4B98-0F32-4FB4-9FC0-21632CD8532B}.Release|Any CPU.Build.0 = Release|Any CPU
		{C2C86E8E-7DD9-49E5-A202-0C1759DD7F43}.Debug|Any CPU.ActiveCfg = Debug|Any CPU
		{C2C86E8E-7DD9-49E5-A202-0C1759DD7F43}.Debug|Any CPU.Build.0 = Debug|Any CPU
		{C2C86E8E-7DD9-49E5-A202-0C1759DD7F43}.Release|Any CPU.ActiveCfg = Release|Any CPU
		{C2C86E8E-7DD9-49E5-A202-0C1759DD7F43}.Release|Any CPU.Build.0 = Release|Any CPU
		{CEEB9578-2F32-4796-B0A8-C3FA23A56460}.Debug|Any CPU.ActiveCfg = Debug|Any CPU
		{CEEB9578-2F32-4796-B0A8-C3FA23A56460}.Debug|Any CPU.Build.0 = Debug|Any CPU
		{CEEB9578-2F32-4796-B0A8-C3FA23A56460}.Release|Any CPU.ActiveCfg = Release|Any CPU
		{CEEB9578-2F32-4796-B0A8-C3FA23A56460}.Release|Any CPU.Build.0 = Release|Any CPU
		{984EFAE6-E055-4079-820F-977FA125CED7}.Debug|Any CPU.ActiveCfg = Debug|Any CPU
		{984EFAE6-E055-4079-820F-977FA125CED7}.Debug|Any CPU.Build.0 = Debug|Any CPU
		{984EFAE6-E055-4079-820F-977FA125CED7}.Release|Any CPU.ActiveCfg = Release|Any CPU
		{984EFAE6-E055-4079-820F-977FA125CED7}.Release|Any CPU.Build.0 = Release|Any CPU
		{C9CBD466-2B7A-42DE-BACE-2DA54EA9CE25}.Debug|Any CPU.ActiveCfg = Debug|Any CPU
		{C9CBD466-2B7A-42DE-BACE-2DA54EA9CE25}.Debug|Any CPU.Build.0 = Debug|Any CPU
		{C9CBD466-2B7A-42DE-BACE-2DA54EA9CE25}.Release|Any CPU.ActiveCfg = Release|Any CPU
		{C9CBD466-2B7A-42DE-BACE-2DA54EA9CE25}.Release|Any CPU.Build.0 = Release|Any CPU
		{10580796-4B83-43FB-BE60-E0C47E463121}.Debug|Any CPU.ActiveCfg = Debug|Any CPU
		{10580796-4B83-43FB-BE60-E0C47E463121}.Debug|Any CPU.Build.0 = Debug|Any CPU
		{10580796-4B83-43FB-BE60-E0C47E463121}.Release|Any CPU.ActiveCfg = Release|Any CPU
		{10580796-4B83-43FB-BE60-E0C47E463121}.Release|Any CPU.Build.0 = Release|Any CPU
		{A709F696-936B-4603-861A-5E3EBF00715A}.Debug|Any CPU.ActiveCfg = Debug|Any CPU
		{A709F696-936B-4603-861A-5E3EBF00715A}.Debug|Any CPU.Build.0 = Debug|Any CPU
		{A709F696-936B-4603-861A-5E3EBF00715A}.Release|Any CPU.ActiveCfg = Release|Any CPU
		{A709F696-936B-4603-861A-5E3EBF00715A}.Release|Any CPU.Build.0 = Release|Any CPU
		{46465EBA-E262-49FA-9C58-89928E1F2B54}.Debug|Any CPU.ActiveCfg = Debug|Any CPU
		{46465EBA-E262-49FA-9C58-89928E1F2B54}.Debug|Any CPU.Build.0 = Debug|Any CPU
		{46465EBA-E262-49FA-9C58-89928E1F2B54}.Release|Any CPU.ActiveCfg = Release|Any CPU
		{46465EBA-E262-49FA-9C58-89928E1F2B54}.Release|Any CPU.Build.0 = Release|Any CPU
		{70F5B9AE-8DB6-4972-A9C8-C86DBCEF40AE}.Debug|Any CPU.ActiveCfg = Debug|Any CPU
		{70F5B9AE-8DB6-4972-A9C8-C86DBCEF40AE}.Debug|Any CPU.Build.0 = Debug|Any CPU
		{70F5B9AE-8DB6-4972-A9C8-C86DBCEF40AE}.Release|Any CPU.ActiveCfg = Release|Any CPU
		{70F5B9AE-8DB6-4972-A9C8-C86DBCEF40AE}.Release|Any CPU.Build.0 = Release|Any CPU
		{647F3BEE-CC2F-4A4D-9561-91FE9A600A81}.Debug|Any CPU.ActiveCfg = Debug|Any CPU
		{647F3BEE-CC2F-4A4D-9561-91FE9A600A81}.Debug|Any CPU.Build.0 = Debug|Any CPU
		{647F3BEE-CC2F-4A4D-9561-91FE9A600A81}.Release|Any CPU.ActiveCfg = Release|Any CPU
		{647F3BEE-CC2F-4A4D-9561-91FE9A600A81}.Release|Any CPU.Build.0 = Release|Any CPU
		{49698408-7DA7-41CF-B6A3-D55C42B81B4B}.Debug|Any CPU.ActiveCfg = Debug|Any CPU
		{49698408-7DA7-41CF-B6A3-D55C42B81B4B}.Debug|Any CPU.Build.0 = Debug|Any CPU
		{49698408-7DA7-41CF-B6A3-D55C42B81B4B}.Release|Any CPU.ActiveCfg = Release|Any CPU
		{49698408-7DA7-41CF-B6A3-D55C42B81B4B}.Release|Any CPU.Build.0 = Release|Any CPU
		{8EFEA7A9-A6EC-4AFA-8D4D-B522A388EBE0}.Debug|Any CPU.ActiveCfg = Debug|Any CPU
		{8EFEA7A9-A6EC-4AFA-8D4D-B522A388EBE0}.Debug|Any CPU.Build.0 = Debug|Any CPU
		{8EFEA7A9-A6EC-4AFA-8D4D-B522A388EBE0}.Release|Any CPU.ActiveCfg = Release|Any CPU
		{8EFEA7A9-A6EC-4AFA-8D4D-B522A388EBE0}.Release|Any CPU.Build.0 = Release|Any CPU
	EndGlobalSection
	GlobalSection(SolutionProperties) = preSolution
		HideSolutionNode = FALSE
	EndGlobalSection
	GlobalSection(NestedProjects) = preSolution
		{950E4B98-0F32-4FB4-9FC0-21632CD8532B} = {02EA681E-C7D8-13C7-8484-4AC65E1B71E8}
		{C2C86E8E-7DD9-49E5-A202-0C1759DD7F43} = {02EA681E-C7D8-13C7-8484-4AC65E1B71E8}
		{CEEB9578-2F32-4796-B0A8-C3FA23A56460} = {02EA681E-C7D8-13C7-8484-4AC65E1B71E8}
		{984EFAE6-E055-4079-820F-977FA125CED7} = {02EA681E-C7D8-13C7-8484-4AC65E1B71E8}
		{C9CBD466-2B7A-42DE-BACE-2DA54EA9CE25} = {02EA681E-C7D8-13C7-8484-4AC65E1B71E8}
		{10580796-4B83-43FB-BE60-E0C47E463121} = {02EA681E-C7D8-13C7-8484-4AC65E1B71E8}
		{A709F696-936B-4603-861A-5E3EBF00715A} = {02EA681E-C7D8-13C7-8484-4AC65E1B71E8}
		{46465EBA-E262-49FA-9C58-89928E1F2B54} = {02EA681E-C7D8-13C7-8484-4AC65E1B71E8}
		{70F5B9AE-8DB6-4972-A9C8-C86DBCEF40AE} = {02EA681E-C7D8-13C7-8484-4AC65E1B71E8}
		{647F3BEE-CC2F-4A4D-9561-91FE9A600A81} = {02EA681E-C7D8-13C7-8484-4AC65E1B71E8}
		{49698408-7DA7-41CF-B6A3-D55C42B81B4B} = {02EA681E-C7D8-13C7-8484-4AC65E1B71E8}
		{8EFEA7A9-A6EC-4AFA-8D4D-B522A388EBE0} = {02EA681E-C7D8-13C7-8484-4AC65E1B71E8}
	EndGlobalSection
	GlobalSection(ExtensibilityGlobals) = postSolution
		SolutionGuid = {FA899845-75D3-4EF2-81ED-5A914A89B822}
	EndGlobalSection
EndGlobal
