
Microsoft Visual Studio Solution File, Format Version 12.00
# Visual Studio Version 17
VisualStudioVersion = 17.14.36310.24 d17.14
MinimumVisualStudioVersion = 10.0.40219.1
Project("{2150E333-8FDC-42A3-9474-1A3956D46DE8}") = "src", "src", "{02EA681E-C7D8-13C7-8484-4AC65E1B71E8}"
EndProject
Project("{FAE04EC0-301F-11D3-BF4B-00C04F79EFBC}") = "OOP.Lists.Exercise01", "src\OOP.Lists.Exercise01\OOP.Lists.Exercise01.csproj", "{950E4B98-0F32-4FB4-9FC0-21632CD8532B}"
EndProject
Global
	GlobalSection(SolutionConfigurationPlatforms) = preSolution
		Debug|Any CPU = Debug|Any CPU
		Release|Any CPU = Release|Any CPU
	EndGlobalSection
	GlobalSection(ProjectConfigurationPlatforms) = postSolution
		{950E4B98-0F32-4FB4-9FC0-21632CD8532B}.Debug|Any CPU.ActiveCfg = Debug|Any CPU
		{950E4B98-0F32-4FB4-9FC0-21632CD8532B}.Debug|Any CPU.Build.0 = Debug|Any CPU
		{950E4B98-0F32-4FB4-9FC0-21632CD8532B}.Release|Any CPU.ActiveCfg = Release|Any CPU
		{950E4B98-0F32-4FB4-9FC0-21632CD8532B}.Release|Any CPU.Build.0 = Release|Any CPU
	EndGlobalSection
	GlobalSection(SolutionProperties) = preSolution
		HideSolutionNode = FALSE
	EndGlobalSection
	GlobalSection(NestedProjects) = preSolution
		{950E4B98-0F32-4FB4-9FC0-21632CD8532B} = {02EA681E-C7D8-13C7-8484-4AC65E1B71E8}
	EndGlobalSection
	GlobalSection(ExtensibilityGlobals) = postSolution
		SolutionGuid = {FA899845-75D3-4EF2-81ED-5A914A89B822}
	EndGlobalSection
EndGlobal
